// !$*UTF8*$!
{
	archiveVersion = 1;
	classes = {
	};
	objectVersion = 50;
	objects = {

/* Begin PBXBuildFile section */
		7905EDCF26B071AD007C3191 /* UIViewController+CoreKit.swift in Sources */ = {isa = PBXBuildFile; fileRef = 7905EDCE26B071AD007C3191 /* UIViewController+CoreKit.swift */; };
		7905EDD126B080DE007C3191 /* UIView+CoreKit.swift in Sources */ = {isa = PBXBuildFile; fileRef = 7905EDD026B080DE007C3191 /* UIView+CoreKit.swift */; };
		790D660F26ADD54500011507 /* AppDelegate.swift in Sources */ = {isa = PBXBuildFile; fileRef = 790D660E26ADD54500011507 /* AppDelegate.swift */; };
		790D661126ADD54500011507 /* SceneDelegate.swift in Sources */ = {isa = PBXBuildFile; fileRef = 790D661026ADD54500011507 /* SceneDelegate.swift */; };
		790D661326ADD54500011507 /* RootViewController.swift in Sources */ = {isa = PBXBuildFile; fileRef = 790D661226ADD54500011507 /* RootViewController.swift */; };
		790D661626ADD54500011507 /* Main.storyboard in Resources */ = {isa = PBXBuildFile; fileRef = 790D661426ADD54500011507 /* Main.storyboard */; };
		790D661826ADD54500011507 /* Assets.xcassets in Resources */ = {isa = PBXBuildFile; fileRef = 790D661726ADD54500011507 /* Assets.xcassets */; };
		790D661B26ADD54500011507 /* LaunchScreen.storyboard in Resources */ = {isa = PBXBuildFile; fileRef = 790D661926ADD54500011507 /* LaunchScreen.storyboard */; };
		790D662326ADD5F000011507 /* GameViewController.swift in Sources */ = {isa = PBXBuildFile; fileRef = 790D662226ADD5F000011507 /* GameViewController.swift */; };
		790D662526ADD5FF00011507 /* ResultsViewController.swift in Sources */ = {isa = PBXBuildFile; fileRef = 790D662426ADD5FF00011507 /* ResultsViewController.swift */; };
		790D662726ADD61300011507 /* SettingsViewController.swift in Sources */ = {isa = PBXBuildFile; fileRef = 790D662626ADD61300011507 /* SettingsViewController.swift */; };
		791AF46F26CD949500953769 /* CheckerStyleCollectionViewCell.swift in Sources */ = {isa = PBXBuildFile; fileRef = 791AF46D26CD949500953769 /* CheckerStyleCollectionViewCell.swift */; };
		791AF47026CD949500953769 /* CheckerStyleCollectionViewCell.xib in Resources */ = {isa = PBXBuildFile; fileRef = 791AF46E26CD949500953769 /* CheckerStyleCollectionViewCell.xib */; };
		791B7BDD274A8C290095F94F /* Player.swift in Sources */ = {isa = PBXBuildFile; fileRef = 791B7BDC274A8C290095F94F /* Player.swift */; };
		791B7BDF274A8D150095F94F /* Checker.swift in Sources */ = {isa = PBXBuildFile; fileRef = 791B7BDE274A8D150095F94F /* Checker.swift */; };
		791F6F652755815100195676 /* ResultsTableViewCell.swift in Sources */ = {isa = PBXBuildFile; fileRef = 791F6F632755815100195676 /* ResultsTableViewCell.swift */; };
		791F6F662755815100195676 /* ResultsTableViewCell.xib in Resources */ = {isa = PBXBuildFile; fileRef = 791F6F642755815100195676 /* ResultsTableViewCell.xib */; };
		793B763527526CB2001266E0 /* Model.xcdatamodeld in Sources */ = {isa = PBXBuildFile; fileRef = 793B763327526CB2001266E0 /* Model.xcdatamodeld */; };
		793B763627526CCE001266E0 /* GameData.swift in Sources */ = {isa = PBXBuildFile; fileRef = 79470D2B27522E8F00800677 /* GameData.swift */; };
		794BB8882752AA6F00EA17BF /* GameViewController + Logic.swift in Sources */ = {isa = PBXBuildFile; fileRef = 794BB8872752AA6F00EA17BF /* GameViewController + Logic.swift */; };
		794BB88B2752D97C00EA17BF /* mainTheme.mp3 in Resources */ = {isa = PBXBuildFile; fileRef = 794BB88A2752D97C00EA17BF /* mainTheme.mp3 */; };
		79BB0A4B26B6E10300EF0F54 /* BlackOpsOne.ttf in Resources */ = {isa = PBXBuildFile; fileRef = 79BB0A4A26B6E10300EF0F54 /* BlackOpsOne.ttf */; };
		79BB0A4D26B7216700EF0F54 /* Boogaloo.ttf in Resources */ = {isa = PBXBuildFile; fileRef = 79BB0A4C26B7216700EF0F54 /* Boogaloo.ttf */; };
		79BB0A4F26B726B300EF0F54 /* InfoViewController.swift in Sources */ = {isa = PBXBuildFile; fileRef = 79BB0A4E26B726B300EF0F54 /* InfoViewController.swift */; };
		79C3297D26E00759001D32C2 /* PlayersViewController.swift in Sources */ = {isa = PBXBuildFile; fileRef = 79C3297C26E00759001D32C2 /* PlayersViewController.swift */; };
		79D2050426C9785100042ECB /* CustomButton.swift in Sources */ = {isa = PBXBuildFile; fileRef = 79D2050326C9785100042ECB /* CustomButton.swift */; };
		79D2050626C9786100042ECB /* CustomButton.xib in Resources */ = {isa = PBXBuildFile; fileRef = 79D2050526C9786100042ECB /* CustomButton.xib */; };
		79D2050826CB191D00042ECB /* CheckersSettings.swift in Sources */ = {isa = PBXBuildFile; fileRef = 79D2050726CB191D00042ECB /* CheckersSettings.swift */; };
		79DA248427539A8600D7BC70 /* CoreDataManager.swift in Sources */ = {isa = PBXBuildFile; fileRef = 79DA248327539A8600D7BC70 /* CoreDataManager.swift */; };
		79DA249127539E4900D7BC70 /* Player_CD+CoreDataClass.swift in Sources */ = {isa = PBXBuildFile; fileRef = 79DA248D27539E4900D7BC70 /* Player_CD+CoreDataClass.swift */; };
		79DA249227539E4900D7BC70 /* Player_CD+CoreDataProperties.swift in Sources */ = {isa = PBXBuildFile; fileRef = 79DA248E27539E4900D7BC70 /* Player_CD+CoreDataProperties.swift */; };
		79DA249327539E4900D7BC70 /* Game_CD+CoreDataClass.swift in Sources */ = {isa = PBXBuildFile; fileRef = 79DA248F27539E4900D7BC70 /* Game_CD+CoreDataClass.swift */; };
		79DA249427539E4900D7BC70 /* Game_CD+CoreDataProperties.swift in Sources */ = {isa = PBXBuildFile; fileRef = 79DA249027539E4900D7BC70 /* Game_CD+CoreDataProperties.swift */; };
		79DA24A427540F5300D7BC70 /* en.lproj in Resources */ = {isa = PBXBuildFile; fileRef = 79DA24A227540F5300D7BC70 /* en.lproj */; };
		79DA24A527540F5300D7BC70 /* ru.lproj in Resources */ = {isa = PBXBuildFile; fileRef = 79DA24A327540F5300D7BC70 /* ru.lproj */; };
		79DA24A72754118000D7BC70 /* String+Localized.swift in Sources */ = {isa = PBXBuildFile; fileRef = 79DA24A62754118000D7BC70 /* String+Localized.swift */; };
/* End PBXBuildFile section */

/* Begin PBXFileReference section */
		7905EDCE26B071AD007C3191 /* UIViewController+CoreKit.swift */ = {isa = PBXFileReference; lastKnownFileType = sourcecode.swift; path = "UIViewController+CoreKit.swift"; sourceTree = "<group>"; };
		7905EDD026B080DE007C3191 /* UIView+CoreKit.swift */ = {isa = PBXFileReference; lastKnownFileType = sourcecode.swift; path = "UIView+CoreKit.swift"; sourceTree = "<group>"; };
		790D660B26ADD54500011507 /* Homework 12.app */ = {isa = PBXFileReference; explicitFileType = wrapper.application; includeInIndex = 0; path = "Homework 12.app"; sourceTree = BUILT_PRODUCTS_DIR; };
		790D660E26ADD54500011507 /* AppDelegate.swift */ = {isa = PBXFileReference; lastKnownFileType = sourcecode.swift; path = AppDelegate.swift; sourceTree = "<group>"; };
		790D661026ADD54500011507 /* SceneDelegate.swift */ = {isa = PBXFileReference; lastKnownFileType = sourcecode.swift; path = SceneDelegate.swift; sourceTree = "<group>"; };
		790D661226ADD54500011507 /* RootViewController.swift */ = {isa = PBXFileReference; lastKnownFileType = sourcecode.swift; path = RootViewController.swift; sourceTree = "<group>"; };
		790D661526ADD54500011507 /* Base */ = {isa = PBXFileReference; lastKnownFileType = file.storyboard; name = Base; path = Base.lproj/Main.storyboard; sourceTree = "<group>"; };
		790D661726ADD54500011507 /* Assets.xcassets */ = {isa = PBXFileReference; lastKnownFileType = folder.assetcatalog; path = Assets.xcassets; sourceTree = "<group>"; };
		790D661A26ADD54500011507 /* Base */ = {isa = PBXFileReference; lastKnownFileType = file.storyboard; name = Base; path = Base.lproj/LaunchScreen.storyboard; sourceTree = "<group>"; };
		790D661C26ADD54500011507 /* Info.plist */ = {isa = PBXFileReference; lastKnownFileType = text.plist.xml; path = Info.plist; sourceTree = "<group>"; };
		790D662226ADD5F000011507 /* GameViewController.swift */ = {isa = PBXFileReference; lastKnownFileType = sourcecode.swift; path = GameViewController.swift; sourceTree = "<group>"; };
		790D662426ADD5FF00011507 /* ResultsViewController.swift */ = {isa = PBXFileReference; lastKnownFileType = sourcecode.swift; path = ResultsViewController.swift; sourceTree = "<group>"; };
		790D662626ADD61300011507 /* SettingsViewController.swift */ = {isa = PBXFileReference; lastKnownFileType = sourcecode.swift; path = SettingsViewController.swift; sourceTree = "<group>"; };
		791AF46D26CD949500953769 /* CheckerStyleCollectionViewCell.swift */ = {isa = PBXFileReference; lastKnownFileType = sourcecode.swift; path = CheckerStyleCollectionViewCell.swift; sourceTree = "<group>"; };
		791AF46E26CD949500953769 /* CheckerStyleCollectionViewCell.xib */ = {isa = PBXFileReference; lastKnownFileType = file.xib; path = CheckerStyleCollectionViewCell.xib; sourceTree = "<group>"; };
		791B7BDC274A8C290095F94F /* Player.swift */ = {isa = PBXFileReference; lastKnownFileType = sourcecode.swift; path = Player.swift; sourceTree = "<group>"; };
		791B7BDE274A8D150095F94F /* Checker.swift */ = {isa = PBXFileReference; lastKnownFileType = sourcecode.swift; path = Checker.swift; sourceTree = "<group>"; };
		791F6F632755815100195676 /* ResultsTableViewCell.swift */ = {isa = PBXFileReference; lastKnownFileType = sourcecode.swift; path = ResultsTableViewCell.swift; sourceTree = "<group>"; };
		791F6F642755815100195676 /* ResultsTableViewCell.xib */ = {isa = PBXFileReference; lastKnownFileType = file.xib; path = ResultsTableViewCell.xib; sourceTree = "<group>"; };
		793B763427526CB2001266E0 /* Model.xcdatamodel */ = {isa = PBXFileReference; lastKnownFileType = wrapper.xcdatamodel; path = Model.xcdatamodel; sourceTree = "<group>"; };
		79470D2B27522E8F00800677 /* GameData.swift */ = {isa = PBXFileReference; lastKnownFileType = sourcecode.swift; path = GameData.swift; sourceTree = "<group>"; };
		794BB8872752AA6F00EA17BF /* GameViewController + Logic.swift */ = {isa = PBXFileReference; lastKnownFileType = sourcecode.swift; path = "GameViewController + Logic.swift"; sourceTree = "<group>"; };
		794BB88A2752D97C00EA17BF /* mainTheme.mp3 */ = {isa = PBXFileReference; lastKnownFileType = audio.mp3; path = mainTheme.mp3; sourceTree = "<group>"; };
		79BB0A4A26B6E10300EF0F54 /* BlackOpsOne.ttf */ = {isa = PBXFileReference; lastKnownFileType = file; path = BlackOpsOne.ttf; sourceTree = "<group>"; };
		79BB0A4C26B7216700EF0F54 /* Boogaloo.ttf */ = {isa = PBXFileReference; lastKnownFileType = file; path = Boogaloo.ttf; sourceTree = "<group>"; };
		79BB0A4E26B726B300EF0F54 /* InfoViewController.swift */ = {isa = PBXFileReference; lastKnownFileType = sourcecode.swift; path = InfoViewController.swift; sourceTree = "<group>"; };
		79C3297C26E00759001D32C2 /* PlayersViewController.swift */ = {isa = PBXFileReference; lastKnownFileType = sourcecode.swift; path = PlayersViewController.swift; sourceTree = "<group>"; };
		79D2050326C9785100042ECB /* CustomButton.swift */ = {isa = PBXFileReference; lastKnownFileType = sourcecode.swift; path = CustomButton.swift; sourceTree = "<group>"; };
		79D2050526C9786100042ECB /* CustomButton.xib */ = {isa = PBXFileReference; lastKnownFileType = file.xib; path = CustomButton.xib; sourceTree = "<group>"; };
		79D2050726CB191D00042ECB /* CheckersSettings.swift */ = {isa = PBXFileReference; lastKnownFileType = sourcecode.swift; path = CheckersSettings.swift; sourceTree = "<group>"; };
		79DA248327539A8600D7BC70 /* CoreDataManager.swift */ = {isa = PBXFileReference; lastKnownFileType = sourcecode.swift; path = CoreDataManager.swift; sourceTree = "<group>"; };
		79DA248D27539E4900D7BC70 /* Player_CD+CoreDataClass.swift */ = {isa = PBXFileReference; lastKnownFileType = sourcecode.swift; path = "Player_CD+CoreDataClass.swift"; sourceTree = "<group>"; };
		79DA248E27539E4900D7BC70 /* Player_CD+CoreDataProperties.swift */ = {isa = PBXFileReference; lastKnownFileType = sourcecode.swift; path = "Player_CD+CoreDataProperties.swift"; sourceTree = "<group>"; };
		79DA248F27539E4900D7BC70 /* Game_CD+CoreDataClass.swift */ = {isa = PBXFileReference; lastKnownFileType = sourcecode.swift; path = "Game_CD+CoreDataClass.swift"; sourceTree = "<group>"; };
		79DA249027539E4900D7BC70 /* Game_CD+CoreDataProperties.swift */ = {isa = PBXFileReference; lastKnownFileType = sourcecode.swift; path = "Game_CD+CoreDataProperties.swift"; sourceTree = "<group>"; };
		79DA24A227540F5300D7BC70 /* en.lproj */ = {isa = PBXFileReference; lastKnownFileType = folder; name = en.lproj; path = "Homework 12/en.lproj"; sourceTree = SOURCE_ROOT; };
		79DA24A327540F5300D7BC70 /* ru.lproj */ = {isa = PBXFileReference; lastKnownFileType = folder; name = ru.lproj; path = "Homework 12/ru.lproj"; sourceTree = SOURCE_ROOT; };
		79DA24A62754118000D7BC70 /* String+Localized.swift */ = {isa = PBXFileReference; lastKnownFileType = sourcecode.swift; path = "String+Localized.swift"; sourceTree = "<group>"; };
/* End PBXFileReference section */

/* Begin PBXFrameworksBuildPhase section */
		790D660826ADD54500011507 /* Frameworks */ = {
			isa = PBXFrameworksBuildPhase;
			buildActionMask = 2147483647;
			files = (
			);
			runOnlyForDeploymentPostprocessing = 0;
		};
/* End PBXFrameworksBuildPhase section */

/* Begin PBXGroup section */
		7905EDCC26B0417C007C3191 /* ViewControllers */ = {
			isa = PBXGroup;
			children = (
				790D661226ADD54500011507 /* RootViewController.swift */,
				79C3297C26E00759001D32C2 /* PlayersViewController.swift */,
				790D662226ADD5F000011507 /* GameViewController.swift */,
				790D662426ADD5FF00011507 /* ResultsViewController.swift */,
				790D662626ADD61300011507 /* SettingsViewController.swift */,
				79BB0A4E26B726B300EF0F54 /* InfoViewController.swift */,
			);
			path = ViewControllers;
			sourceTree = "<group>";
		};
		7905EDCD26B0717F007C3191 /* Extensions */ = {
			isa = PBXGroup;
			children = (
				7905EDCE26B071AD007C3191 /* UIViewController+CoreKit.swift */,
				7905EDD026B080DE007C3191 /* UIView+CoreKit.swift */,
				794BB8872752AA6F00EA17BF /* GameViewController + Logic.swift */,
				79DA24A62754118000D7BC70 /* String+Localized.swift */,
			);
			path = Extensions;
			sourceTree = "<group>";
		};
		790D660226ADD54500011507 = {
			isa = PBXGroup;
			children = (
				790D660D26ADD54500011507 /* Homework 12 */,
				790D660C26ADD54500011507 /* Products */,
			);
			sourceTree = "<group>";
		};
		790D660C26ADD54500011507 /* Products */ = {
			isa = PBXGroup;
			children = (
				790D660B26ADD54500011507 /* Homework 12.app */,
			);
			name = Products;
			sourceTree = "<group>";
		};
		790D660D26ADD54500011507 /* Homework 12 */ = {
			isa = PBXGroup;
			children = (
				791B7BDB274A8BFE0095F94F /* Models */,
				791AF46B26CD940F00953769 /* Cells */,
				79D2050226C9782F00042ECB /* CustomButton */,
				79BB0A4726B6BA7200EF0F54 /* Fonts */,
				7905EDCD26B0717F007C3191 /* Extensions */,
				7905EDCC26B0417C007C3191 /* ViewControllers */,
				79DA249B27540EF000D7BC70 /* Localized */,
				79DA248227539A5000D7BC70 /* CoreData */,
				794BB8892752D96400EA17BF /* Sounds */,
				790D661026ADD54500011507 /* SceneDelegate.swift */,
				790D660E26ADD54500011507 /* AppDelegate.swift */,
				790D661426ADD54500011507 /* Main.storyboard */,
				790D661726ADD54500011507 /* Assets.xcassets */,
				790D661926ADD54500011507 /* LaunchScreen.storyboard */,
				790D661C26ADD54500011507 /* Info.plist */,
			);
			path = "Homework 12";
			sourceTree = "<group>";
		};
		791AF46B26CD940F00953769 /* Cells */ = {
			isa = PBXGroup;
			children = (
				791F6F622755812E00195676 /* ResultsTableViewCell */,
				791AF46C26CD943000953769 /* CheckerStyleCollectionViewCell */,
			);
			path = Cells;
			sourceTree = "<group>";
		};
		791AF46C26CD943000953769 /* CheckerStyleCollectionViewCell */ = {
			isa = PBXGroup;
			children = (
				791AF46D26CD949500953769 /* CheckerStyleCollectionViewCell.swift */,
				791AF46E26CD949500953769 /* CheckerStyleCollectionViewCell.xib */,
			);
			path = CheckerStyleCollectionViewCell;
			sourceTree = "<group>";
		};
		791B7BDB274A8BFE0095F94F /* Models */ = {
			isa = PBXGroup;
			children = (
				791B7BDC274A8C290095F94F /* Player.swift */,
				791B7BDE274A8D150095F94F /* Checker.swift */,
				79D2050726CB191D00042ECB /* CheckersSettings.swift */,
				79470D2B27522E8F00800677 /* GameData.swift */,
			);
			path = Models;
			sourceTree = "<group>";
		};
		791F6F622755812E00195676 /* ResultsTableViewCell */ = {
			isa = PBXGroup;
			children = (
				791F6F632755815100195676 /* ResultsTableViewCell.swift */,
				791F6F642755815100195676 /* ResultsTableViewCell.xib */,
			);
			path = ResultsTableViewCell;
			sourceTree = "<group>";
		};
		794BB8892752D96400EA17BF /* Sounds */ = {
			isa = PBXGroup;
			children = (
				794BB88A2752D97C00EA17BF /* mainTheme.mp3 */,
			);
			path = Sounds;
			sourceTree = "<group>";
		};
		79BB0A4726B6BA7200EF0F54 /* Fonts */ = {
			isa = PBXGroup;
			children = (
				79BB0A4C26B7216700EF0F54 /* Boogaloo.ttf */,
				79BB0A4A26B6E10300EF0F54 /* BlackOpsOne.ttf */,
			);
			path = Fonts;
			sourceTree = "<group>";
		};
		79D2050226C9782F00042ECB /* CustomButton */ = {
			isa = PBXGroup;
			children = (
				79D2050326C9785100042ECB /* CustomButton.swift */,
				79D2050526C9786100042ECB /* CustomButton.xib */,
			);
			path = CustomButton;
			sourceTree = "<group>";
		};
		79DA248227539A5000D7BC70 /* CoreData */ = {
			isa = PBXGroup;
			children = (
				79DA248D27539E4900D7BC70 /* Player_CD+CoreDataClass.swift */,
				79DA248E27539E4900D7BC70 /* Player_CD+CoreDataProperties.swift */,
				79DA248F27539E4900D7BC70 /* Game_CD+CoreDataClass.swift */,
				79DA249027539E4900D7BC70 /* Game_CD+CoreDataProperties.swift */,
				793B763327526CB2001266E0 /* Model.xcdatamodeld */,
				79DA248327539A8600D7BC70 /* CoreDataManager.swift */,
			);
			path = CoreData;
			sourceTree = "<group>";
		};
		79DA249B27540EF000D7BC70 /* Localized */ = {
			isa = PBXGroup;
			children = (
				79DA24A227540F5300D7BC70 /* en.lproj */,
				79DA24A327540F5300D7BC70 /* ru.lproj */,
			);
			path = Localized;
			sourceTree = "<group>";
		};
/* End PBXGroup section */

/* Begin PBXNativeTarget section */
		790D660A26ADD54500011507 /* Homework 12 */ = {
			isa = PBXNativeTarget;
			buildConfigurationList = 790D661F26ADD54500011507 /* Build configuration list for PBXNativeTarget "Homework 12" */;
			buildPhases = (
				790D660726ADD54500011507 /* Sources */,
				790D660826ADD54500011507 /* Frameworks */,
				790D660926ADD54500011507 /* Resources */,
			);
			buildRules = (
			);
			dependencies = (
			);
			name = "Homework 12";
			productName = "Homework 12";
			productReference = 790D660B26ADD54500011507 /* Homework 12.app */;
			productType = "com.apple.product-type.application";
		};
/* End PBXNativeTarget section */

/* Begin PBXProject section */
		790D660326ADD54500011507 /* Project object */ = {
			isa = PBXProject;
			attributes = {
				LastSwiftUpdateCheck = 1250;
				LastUpgradeCheck = 1250;
				TargetAttributes = {
					790D660A26ADD54500011507 = {
						CreatedOnToolsVersion = 12.5;
					};
				};
			};
			buildConfigurationList = 790D660626ADD54500011507 /* Build configuration list for PBXProject "Homework 12" */;
			compatibilityVersion = "Xcode 9.3";
			developmentRegion = en;
			hasScannedForEncodings = 0;
			knownRegions = (
				en,
				Base,
			);
			mainGroup = 790D660226ADD54500011507;
			productRefGroup = 790D660C26ADD54500011507 /* Products */;
			projectDirPath = "";
			projectRoot = "";
			targets = (
				790D660A26ADD54500011507 /* Homework 12 */,
			);
		};
/* End PBXProject section */

/* Begin PBXResourcesBuildPhase section */
		790D660926ADD54500011507 /* Resources */ = {
			isa = PBXResourcesBuildPhase;
			buildActionMask = 2147483647;
			files = (
				79BB0A4B26B6E10300EF0F54 /* BlackOpsOne.ttf in Resources */,
				791AF47026CD949500953769 /* CheckerStyleCollectionViewCell.xib in Resources */,
				790D661B26ADD54500011507 /* LaunchScreen.storyboard in Resources */,
				794BB88B2752D97C00EA17BF /* mainTheme.mp3 in Resources */,
				79BB0A4D26B7216700EF0F54 /* Boogaloo.ttf in Resources */,
				791F6F662755815100195676 /* ResultsTableViewCell.xib in Resources */,
				790D661826ADD54500011507 /* Assets.xcassets in Resources */,
				79D2050626C9786100042ECB /* CustomButton.xib in Resources */,
				79DA24A427540F5300D7BC70 /* en.lproj in Resources */,
				79DA24A527540F5300D7BC70 /* ru.lproj in Resources */,
				790D661626ADD54500011507 /* Main.storyboard in Resources */,
			);
			runOnlyForDeploymentPostprocessing = 0;
		};
/* End PBXResourcesBuildPhase section */

/* Begin PBXSourcesBuildPhase section */
		790D660726ADD54500011507 /* Sources */ = {
			isa = PBXSourcesBuildPhase;
			buildActionMask = 2147483647;
			files = (
				790D662326ADD5F000011507 /* GameViewController.swift in Sources */,
				79C3297D26E00759001D32C2 /* PlayersViewController.swift in Sources */,
				790D661326ADD54500011507 /* RootViewController.swift in Sources */,
				79DA248427539A8600D7BC70 /* CoreDataManager.swift in Sources */,
				790D660F26ADD54500011507 /* AppDelegate.swift in Sources */,
				794BB8882752AA6F00EA17BF /* GameViewController + Logic.swift in Sources */,
				79D2050826CB191D00042ECB /* CheckersSettings.swift in Sources */,
				790D662526ADD5FF00011507 /* ResultsViewController.swift in Sources */,
				793B763627526CCE001266E0 /* GameData.swift in Sources */,
				79BB0A4F26B726B300EF0F54 /* InfoViewController.swift in Sources */,
				791F6F652755815100195676 /* ResultsTableViewCell.swift in Sources */,
				7905EDD126B080DE007C3191 /* UIView+CoreKit.swift in Sources */,
				793B763527526CB2001266E0 /* Model.xcdatamodeld in Sources */,
				79D2050426C9785100042ECB /* CustomButton.swift in Sources */,
				791AF46F26CD949500953769 /* CheckerStyleCollectionViewCell.swift in Sources */,
				79DA249327539E4900D7BC70 /* Game_CD+CoreDataClass.swift in Sources */,
				79DA249227539E4900D7BC70 /* Player_CD+CoreDataProperties.swift in Sources */,
				790D661126ADD54500011507 /* SceneDelegate.swift in Sources */,
				7905EDCF26B071AD007C3191 /* UIViewController+CoreKit.swift in Sources */,
				79DA24A72754118000D7BC70 /* String+Localized.swift in Sources */,
				791B7BDF274A8D150095F94F /* Checker.swift in Sources */,
				791B7BDD274A8C290095F94F /* Player.swift in Sources */,
				790D662726ADD61300011507 /* SettingsViewController.swift in Sources */,
				79DA249127539E4900D7BC70 /* Player_CD+CoreDataClass.swift in Sources */,
				79DA249427539E4900D7BC70 /* Game_CD+CoreDataProperties.swift in Sources */,
			);
			runOnlyForDeploymentPostprocessing = 0;
		};
/* End PBXSourcesBuildPhase section */

/* Begin PBXVariantGroup section */
		790D661426ADD54500011507 /* Main.storyboard */ = {
			isa = PBXVariantGroup;
			children = (
				790D661526ADD54500011507 /* Base */,
			);
			name = Main.storyboard;
			sourceTree = "<group>";
		};
		790D661926ADD54500011507 /* LaunchScreen.storyboard */ = {
			isa = PBXVariantGroup;
			children = (
				790D661A26ADD54500011507 /* Base */,
			);
			name = LaunchScreen.storyboard;
			sourceTree = "<group>";
		};
/* End PBXVariantGroup section */

/* Begin XCBuildConfiguration section */
		790D661D26ADD54500011507 /* Debug */ = {
			isa = XCBuildConfiguration;
			buildSettings = {
				ALWAYS_SEARCH_USER_PATHS = NO;
				CLANG_ANALYZER_LOCALIZABILITY_NONLOCALIZED = YES;
				CLANG_ANALYZER_NONNULL = YES;
				CLANG_ANALYZER_NUMBER_OBJECT_CONVERSION = YES_AGGRESSIVE;
				CLANG_CXX_LANGUAGE_STANDARD = "gnu++14";
				CLANG_CXX_LIBRARY = "libc++";
				CLANG_ENABLE_MODULES = YES;
				CLANG_ENABLE_OBJC_ARC = YES;
				CLANG_ENABLE_OBJC_WEAK = YES;
				CLANG_WARN_BLOCK_CAPTURE_AUTORELEASING = YES;
				CLANG_WARN_BOOL_CONVERSION = YES;
				CLANG_WARN_COMMA = YES;
				CLANG_WARN_CONSTANT_CONVERSION = YES;
				CLANG_WARN_DEPRECATED_OBJC_IMPLEMENTATIONS = YES;
				CLANG_WARN_DIRECT_OBJC_ISA_USAGE = YES_ERROR;
				CLANG_WARN_DOCUMENTATION_COMMENTS = YES;
				CLANG_WARN_EMPTY_BODY = YES;
				CLANG_WARN_ENUM_CONVERSION = YES;
				CLANG_WARN_INFINITE_RECURSION = YES;
				CLANG_WARN_INT_CONVERSION = YES;
				CLANG_WARN_NON_LITERAL_NULL_CONVERSION = YES;
				CLANG_WARN_OBJC_IMPLICIT_RETAIN_SELF = YES;
				CLANG_WARN_OBJC_LITERAL_CONVERSION = YES;
				CLANG_WARN_OBJC_ROOT_CLASS = YES_ERROR;
				CLANG_WARN_QUOTED_INCLUDE_IN_FRAMEWORK_HEADER = YES;
				CLANG_WARN_RANGE_LOOP_ANALYSIS = YES;
				CLANG_WARN_STRICT_PROTOTYPES = YES;
				CLANG_WARN_SUSPICIOUS_MOVE = YES;
				CLANG_WARN_UNGUARDED_AVAILABILITY = YES_AGGRESSIVE;
				CLANG_WARN_UNREACHABLE_CODE = YES;
				CLANG_WARN__DUPLICATE_METHOD_MATCH = YES;
				COPY_PHASE_STRIP = NO;
				DEBUG_INFORMATION_FORMAT = dwarf;
				ENABLE_STRICT_OBJC_MSGSEND = YES;
				ENABLE_TESTABILITY = YES;
				GCC_C_LANGUAGE_STANDARD = gnu11;
				GCC_DYNAMIC_NO_PIC = NO;
				GCC_NO_COMMON_BLOCKS = YES;
				GCC_OPTIMIZATION_LEVEL = 0;
				GCC_PREPROCESSOR_DEFINITIONS = (
					"DEBUG=1",
					"$(inherited)",
				);
				GCC_WARN_64_TO_32_BIT_CONVERSION = YES;
				GCC_WARN_ABOUT_RETURN_TYPE = YES_ERROR;
				GCC_WARN_UNDECLARED_SELECTOR = YES;
				GCC_WARN_UNINITIALIZED_AUTOS = YES_AGGRESSIVE;
				GCC_WARN_UNUSED_FUNCTION = YES;
				GCC_WARN_UNUSED_VARIABLE = YES;
				IPHONEOS_DEPLOYMENT_TARGET = 14.5;
				MTL_ENABLE_DEBUG_INFO = INCLUDE_SOURCE;
				MTL_FAST_MATH = YES;
				ONLY_ACTIVE_ARCH = YES;
				SDKROOT = iphoneos;
				SWIFT_ACTIVE_COMPILATION_CONDITIONS = DEBUG;
				SWIFT_OPTIMIZATION_LEVEL = "-Onone";
			};
			name = Debug;
		};
		790D661E26ADD54500011507 /* Release */ = {
			isa = XCBuildConfiguration;
			buildSettings = {
				ALWAYS_SEARCH_USER_PATHS = NO;
				CLANG_ANALYZER_LOCALIZABILITY_NONLOCALIZED = YES;
				CLANG_ANALYZER_NONNULL = YES;
				CLANG_ANALYZER_NUMBER_OBJECT_CONVERSION = YES_AGGRESSIVE;
				CLANG_CXX_LANGUAGE_STANDARD = "gnu++14";
				CLANG_CXX_LIBRARY = "libc++";
				CLANG_ENABLE_MODULES = YES;
				CLANG_ENABLE_OBJC_ARC = YES;
				CLANG_ENABLE_OBJC_WEAK = YES;
				CLANG_WARN_BLOCK_CAPTURE_AUTORELEASING = YES;
				CLANG_WARN_BOOL_CONVERSION = YES;
				CLANG_WARN_COMMA = YES;
				CLANG_WARN_CONSTANT_CONVERSION = YES;
				CLANG_WARN_DEPRECATED_OBJC_IMPLEMENTATIONS = YES;
				CLANG_WARN_DIRECT_OBJC_ISA_USAGE = YES_ERROR;
				CLANG_WARN_DOCUMENTATION_COMMENTS = YES;
				CLANG_WARN_EMPTY_BODY = YES;
				CLANG_WARN_ENUM_CONVERSION = YES;
				CLANG_WARN_INFINITE_RECURSION = YES;
				CLANG_WARN_INT_CONVERSION = YES;
				CLANG_WARN_NON_LITERAL_NULL_CONVERSION = YES;
				CLANG_WARN_OBJC_IMPLICIT_RETAIN_SELF = YES;
				CLANG_WARN_OBJC_LITERAL_CONVERSION = YES;
				CLANG_WARN_OBJC_ROOT_CLASS = YES_ERROR;
				CLANG_WARN_QUOTED_INCLUDE_IN_FRAMEWORK_HEADER = YES;
				CLANG_WARN_RANGE_LOOP_ANALYSIS = YES;
				CLANG_WARN_STRICT_PROTOTYPES = YES;
				CLANG_WARN_SUSPICIOUS_MOVE = YES;
				CLANG_WARN_UNGUARDED_AVAILABILITY = YES_AGGRESSIVE;
				CLANG_WARN_UNREACHABLE_CODE = YES;
				CLANG_WARN__DUPLICATE_METHOD_MATCH = YES;
				COPY_PHASE_STRIP = NO;
				DEBUG_INFORMATION_FORMAT = "dwarf-with-dsym";
				ENABLE_NS_ASSERTIONS = NO;
				ENABLE_STRICT_OBJC_MSGSEND = YES;
				GCC_C_LANGUAGE_STANDARD = gnu11;
				GCC_NO_COMMON_BLOCKS = YES;
				GCC_WARN_64_TO_32_BIT_CONVERSION = YES;
				GCC_WARN_ABOUT_RETURN_TYPE = YES_ERROR;
				GCC_WARN_UNDECLARED_SELECTOR = YES;
				GCC_WARN_UNINITIALIZED_AUTOS = YES_AGGRESSIVE;
				GCC_WARN_UNUSED_FUNCTION = YES;
				GCC_WARN_UNUSED_VARIABLE = YES;
				IPHONEOS_DEPLOYMENT_TARGET = 14.5;
				MTL_ENABLE_DEBUG_INFO = NO;
				MTL_FAST_MATH = YES;
				SDKROOT = iphoneos;
				SWIFT_COMPILATION_MODE = wholemodule;
				SWIFT_OPTIMIZATION_LEVEL = "-O";
				VALIDATE_PRODUCT = YES;
			};
			name = Release;
		};
		790D662026ADD54500011507 /* Debug */ = {
			isa = XCBuildConfiguration;
			buildSettings = {
				ASSETCATALOG_COMPILER_APPICON_NAME = AppIcon;
				ASSETCATALOG_COMPILER_GLOBAL_ACCENT_COLOR_NAME = AccentColor;
				CODE_SIGN_STYLE = Automatic;
				DEVELOPMENT_TEAM = HM3MPUGRXX;
				INFOPLIST_FILE = "Homework 12/Info.plist";
				LD_RUNPATH_SEARCH_PATHS = (
					"$(inherited)",
					"@executable_path/Frameworks",
				);
				PRODUCT_BUNDLE_IDENTIFIER = "com.tms.Homework-12";
				PRODUCT_NAME = "$(TARGET_NAME)";
				SWIFT_VERSION = 5.0;
				TARGETED_DEVICE_FAMILY = "1,2";
			};
			name = Debug;
		};
		790D662126ADD54500011507 /* Release */ = {
			isa = XCBuildConfiguration;
			buildSettings = {
				ASSETCATALOG_COMPILER_APPICON_NAME = AppIcon;
				ASSETCATALOG_COMPILER_GLOBAL_ACCENT_COLOR_NAME = AccentColor;
				CODE_SIGN_STYLE = Automatic;
				DEVELOPMENT_TEAM = HM3MPUGRXX;
				INFOPLIST_FILE = "Homework 12/Info.plist";
				LD_RUNPATH_SEARCH_PATHS = (
					"$(inherited)",
					"@executable_path/Frameworks",
				);
				PRODUCT_BUNDLE_IDENTIFIER = "com.tms.Homework-12";
				PRODUCT_NAME = "$(TARGET_NAME)";
				SWIFT_VERSION = 5.0;
				TARGETED_DEVICE_FAMILY = "1,2";
			};
			name = Release;
		};
/* End XCBuildConfiguration section */

/* Begin XCConfigurationList section */
		790D660626ADD54500011507 /* Build configuration list for PBXProject "Homework 12" */ = {
			isa = XCConfigurationList;
			buildConfigurations = (
				790D661D26ADD54500011507 /* Debug */,
				790D661E26ADD54500011507 /* Release */,
			);
			defaultConfigurationIsVisible = 0;
			defaultConfigurationName = Release;
		};
		790D661F26ADD54500011507 /* Build configuration list for PBXNativeTarget "Homework 12" */ = {
			isa = XCConfigurationList;
			buildConfigurations = (
				790D662026ADD54500011507 /* Debug */,
				790D662126ADD54500011507 /* Release */,
			);
			defaultConfigurationIsVisible = 0;
			defaultConfigurationName = Release;
		};
/* End XCConfigurationList section */

/* Begin XCVersionGroup section */
		793B763327526CB2001266E0 /* Model.xcdatamodeld */ = {
			isa = XCVersionGroup;
			children = (
				793B763427526CB2001266E0 /* Model.xcdatamodel */,
			);
			currentVersion = 793B763427526CB2001266E0 /* Model.xcdatamodel */;
			path = Model.xcdatamodeld;
			sourceTree = "<group>";
			versionGroupType = wrapper.xcdatamodel;
		};
/* End XCVersionGroup section */
	};
	rootObject = 790D660326ADD54500011507 /* Project object */;
}
